// !$*UTF8*$!
{
	archiveVersion = 1;
	classes = {
	};
	objectVersion = 56;
	objects = {

/* Begin PBXBuildFile section */
		E29C22412CF5A05F004A5BA1 /* City.swift in Sources */ = {isa = PBXBuildFile; fileRef = E29C22402CF5A05F004A5BA1 /* City.swift */; };
		E29C22432CF5A074004A5BA1 /* WeatherData.swift in Sources */ = {isa = PBXBuildFile; fileRef = E29C22422CF5A074004A5BA1 /* WeatherData.swift */; };
		E29C22462CF5A0A3004A5BA1 /* WeatherService.swift in Sources */ = {isa = PBXBuildFile; fileRef = E29C22452CF5A0A3004A5BA1 /* WeatherService.swift */; };
		E29C22482CF5A0B1004A5BA1 /* CityService.swift in Sources */ = {isa = PBXBuildFile; fileRef = E29C22472CF5A0B1004A5BA1 /* CityService.swift */; };
		E29C224B2CF5A0CB004A5BA1 /* CityListView.swift in Sources */ = {isa = PBXBuildFile; fileRef = E29C224A2CF5A0CB004A5BA1 /* CityListView.swift */; };
		E29C224D2CF5A0D7004A5BA1 /* SearchView.swift in Sources */ = {isa = PBXBuildFile; fileRef = E29C224C2CF5A0D7004A5BA1 /* SearchView.swift */; };
		E29C224F2CF5A0E1004A5BA1 /* SettingsView.swift in Sources */ = {isa = PBXBuildFile; fileRef = E29C224E2CF5A0E1004A5BA1 /* SettingsView.swift */; };
		E29C22512CF5A0EB004A5BA1 /* AboutView.swift in Sources */ = {isa = PBXBuildFile; fileRef = E29C22502CF5A0EB004A5BA1 /* AboutView.swift */; };
		E29C22532CF5A102004A5BA1 /* CityDetailView.swift in Sources */ = {isa = PBXBuildFile; fileRef = E29C22522CF5A102004A5BA1 /* CityDetailView.swift */; };
		E29C22562CF5A127004A5BA1 /* ColorUtils.swift in Sources */ = {isa = PBXBuildFile; fileRef = E29C22552CF5A127004A5BA1 /* ColorUtils.swift */; };
		E29C22582CF5A134004A5BA1 /* Constants.swift in Sources */ = {isa = PBXBuildFile; fileRef = E29C22572CF5A134004A5BA1 /* Constants.swift */; };
		E2D9BBE92CF5581B009C2761 /* Weather_App_Final_ProjectApp.swift in Sources */ = {isa = PBXBuildFile; fileRef = E2D9BBE82CF5581B009C2761 /* Weather_App_Final_ProjectApp.swift */; };
		E2D9BBEB2CF5581B009C2761 /* ContentView.swift in Sources */ = {isa = PBXBuildFile; fileRef = E2D9BBEA2CF5581B009C2761 /* ContentView.swift */; };
		E2D9BBED2CF5581D009C2761 /* Assets.xcassets in Resources */ = {isa = PBXBuildFile; fileRef = E2D9BBEC2CF5581D009C2761 /* Assets.xcassets */; };
		E2D9BBF02CF5581D009C2761 /* Preview Assets.xcassets in Resources */ = {isa = PBXBuildFile; fileRef = E2D9BBEF2CF5581D009C2761 /* Preview Assets.xcassets */; };
/* End PBXBuildFile section */

/* Begin PBXFileReference section */
		E29C22402CF5A05F004A5BA1 /* City.swift */ = {isa = PBXFileReference; lastKnownFileType = sourcecode.swift; path = City.swift; sourceTree = "<group>"; };
		E29C22422CF5A074004A5BA1 /* WeatherData.swift */ = {isa = PBXFileReference; lastKnownFileType = sourcecode.swift; path = WeatherData.swift; sourceTree = "<group>"; };
		E29C22452CF5A0A3004A5BA1 /* WeatherService.swift */ = {isa = PBXFileReference; lastKnownFileType = sourcecode.swift; path = WeatherService.swift; sourceTree = "<group>"; };
		E29C22472CF5A0B1004A5BA1 /* CityService.swift */ = {isa = PBXFileReference; lastKnownFileType = sourcecode.swift; path = CityService.swift; sourceTree = "<group>"; };
		E29C224A2CF5A0CB004A5BA1 /* CityListView.swift */ = {isa = PBXFileReference; lastKnownFileType = sourcecode.swift; path = CityListView.swift; sourceTree = "<group>"; };
		E29C224C2CF5A0D7004A5BA1 /* SearchView.swift */ = {isa = PBXFileReference; lastKnownFileType = sourcecode.swift; path = SearchView.swift; sourceTree = "<group>"; };
		E29C224E2CF5A0E1004A5BA1 /* SettingsView.swift */ = {isa = PBXFileReference; lastKnownFileType = sourcecode.swift; path = SettingsView.swift; sourceTree = "<group>"; };
		E29C22502CF5A0EB004A5BA1 /* AboutView.swift */ = {isa = PBXFileReference; lastKnownFileType = sourcecode.swift; path = AboutView.swift; sourceTree = "<group>"; };
		E29C22522CF5A102004A5BA1 /* CityDetailView.swift */ = {isa = PBXFileReference; lastKnownFileType = sourcecode.swift; path = CityDetailView.swift; sourceTree = "<group>"; };
		E29C22552CF5A127004A5BA1 /* ColorUtils.swift */ = {isa = PBXFileReference; lastKnownFileType = sourcecode.swift; path = ColorUtils.swift; sourceTree = "<group>"; };
		E29C22572CF5A134004A5BA1 /* Constants.swift */ = {isa = PBXFileReference; lastKnownFileType = sourcecode.swift; path = Constants.swift; sourceTree = "<group>"; };
		E2D9BBE52CF5581B009C2761 /* Weather App Final Project.app */ = {isa = PBXFileReference; explicitFileType = wrapper.application; includeInIndex = 0; path = "Weather App Final Project.app"; sourceTree = BUILT_PRODUCTS_DIR; };
		E2D9BBE82CF5581B009C2761 /* Weather_App_Final_ProjectApp.swift */ = {isa = PBXFileReference; lastKnownFileType = sourcecode.swift; path = Weather_App_Final_ProjectApp.swift; sourceTree = "<group>"; };
		E2D9BBEA2CF5581B009C2761 /* ContentView.swift */ = {isa = PBXFileReference; lastKnownFileType = sourcecode.swift; path = ContentView.swift; sourceTree = "<group>"; };
		E2D9BBEC2CF5581D009C2761 /* Assets.xcassets */ = {isa = PBXFileReference; lastKnownFileType = folder.assetcatalog; path = Assets.xcassets; sourceTree = "<group>"; };
		E2D9BBEF2CF5581D009C2761 /* Preview Assets.xcassets */ = {isa = PBXFileReference; lastKnownFileType = folder.assetcatalog; path = "Preview Assets.xcassets"; sourceTree = "<group>"; };
/* End PBXFileReference section */

/* Begin PBXFrameworksBuildPhase section */
		E2D9BBE22CF5581B009C2761 /* Frameworks */ = {
			isa = PBXFrameworksBuildPhase;
			buildActionMask = 2147483647;
			files = (
			);
			runOnlyForDeploymentPostprocessing = 0;
		};
/* End PBXFrameworksBuildPhase section */

/* Begin PBXGroup section */
		E29C223D2CF5A021004A5BA1 /* Models */ = {
			isa = PBXGroup;
			children = (
				E29C22402CF5A05F004A5BA1 /* City.swift */,
				E29C22422CF5A074004A5BA1 /* WeatherData.swift */,
			);
			path = Models;
			sourceTree = "<group>";
		};
		E29C22442CF5A091004A5BA1 /* Services */ = {
			isa = PBXGroup;
			children = (
				E29C22452CF5A0A3004A5BA1 /* WeatherService.swift */,
				E29C22472CF5A0B1004A5BA1 /* CityService.swift */,
			);
			path = Services;
			sourceTree = "<group>";
		};
		E29C22492CF5A0C0004A5BA1 /* Views */ = {
			isa = PBXGroup;
			children = (
				E29C224A2CF5A0CB004A5BA1 /* CityListView.swift */,
				E29C224C2CF5A0D7004A5BA1 /* SearchView.swift */,
				E29C224E2CF5A0E1004A5BA1 /* SettingsView.swift */,
				E29C22502CF5A0EB004A5BA1 /* AboutView.swift */,
				E29C22522CF5A102004A5BA1 /* CityDetailView.swift */,
			);
			path = Views;
			sourceTree = "<group>";
		};
		E29C22542CF5A115004A5BA1 /* Utilities */ = {
			isa = PBXGroup;
			children = (
				E29C22552CF5A127004A5BA1 /* ColorUtils.swift */,
				E29C22572CF5A134004A5BA1 /* Constants.swift */,
			);
			path = Utilities;
			sourceTree = "<group>";
		};
		E2D9BBDC2CF5581B009C2761 = {
			isa = PBXGroup;
			children = (
				E2D9BBE72CF5581B009C2761 /* Weather App Final Project */,
				E2D9BBE62CF5581B009C2761 /* Products */,
			);
			sourceTree = "<group>";
		};
		E2D9BBE62CF5581B009C2761 /* Products */ = {
			isa = PBXGroup;
			children = (
				E2D9BBE52CF5581B009C2761 /* Weather App Final Project.app */,
			);
			name = Products;
			sourceTree = "<group>";
		};
		E2D9BBE72CF5581B009C2761 /* Weather App Final Project */ = {
			isa = PBXGroup;
			children = (
				E29C22542CF5A115004A5BA1 /* Utilities */,
				E29C22492CF5A0C0004A5BA1 /* Views */,
				E29C22442CF5A091004A5BA1 /* Services */,
				E29C223D2CF5A021004A5BA1 /* Models */,
				E2D9BBE82CF5581B009C2761 /* Weather_App_Final_ProjectApp.swift */,
				E2D9BBEA2CF5581B009C2761 /* ContentView.swift */,
				E2D9BBEC2CF5581D009C2761 /* Assets.xcassets */,
				E2D9BBEE2CF5581D009C2761 /* Preview Content */,
			);
			path = "Weather App Final Project";
			sourceTree = "<group>";
		};
		E2D9BBEE2CF5581D009C2761 /* Preview Content */ = {
			isa = PBXGroup;
			children = (
				E2D9BBEF2CF5581D009C2761 /* Preview Assets.xcassets */,
			);
			path = "Preview Content";
			sourceTree = "<group>";
		};
/* End PBXGroup section */

/* Begin PBXNativeTarget section */
		E2D9BBE42CF5581B009C2761 /* Weather App Final Project */ = {
			isa = PBXNativeTarget;
			buildConfigurationList = E2D9BBF32CF5581D009C2761 /* Build configuration list for PBXNativeTarget "Weather App Final Project" */;
			buildPhases = (
				E2D9BBE12CF5581B009C2761 /* Sources */,
				E2D9BBE22CF5581B009C2761 /* Frameworks */,
				E2D9BBE32CF5581B009C2761 /* Resources */,
			);
			buildRules = (
			);
			dependencies = (
			);
			name = "Weather App Final Project";
			productName = "Weather App Final Project";
			productReference = E2D9BBE52CF5581B009C2761 /* Weather App Final Project.app */;
			productType = "com.apple.product-type.application";
		};
/* End PBXNativeTarget section */

/* Begin PBXProject section */
		E2D9BBDD2CF5581B009C2761 /* Project object */ = {
			isa = PBXProject;
			attributes = {
				BuildIndependentTargetsInParallel = 1;
				LastSwiftUpdateCheck = 1540;
				LastUpgradeCheck = 1540;
				TargetAttributes = {
					E2D9BBE42CF5581B009C2761 = {
						CreatedOnToolsVersion = 15.4;
					};
				};
			};
			buildConfigurationList = E2D9BBE02CF5581B009C2761 /* Build configuration list for PBXProject "Weather App Final Project" */;
			compatibilityVersion = "Xcode 14.0";
			developmentRegion = en;
			hasScannedForEncodings = 0;
			knownRegions = (
				en,
				Base,
			);
			mainGroup = E2D9BBDC2CF5581B009C2761;
			productRefGroup = E2D9BBE62CF5581B009C2761 /* Products */;
			projectDirPath = "";
			projectRoot = "";
			targets = (
				E2D9BBE42CF5581B009C2761 /* Weather App Final Project */,
			);
		};
/* End PBXProject section */

/* Begin PBXResourcesBuildPhase section */
		E2D9BBE32CF5581B009C2761 /* Resources */ = {
			isa = PBXResourcesBuildPhase;
			buildActionMask = 2147483647;
			files = (
				E2D9BBF02CF5581D009C2761 /* Preview Assets.xcassets in Resources */,
				E2D9BBED2CF5581D009C2761 /* Assets.xcassets in Resources */,
			);
			runOnlyForDeploymentPostprocessing = 0;
		};
/* End PBXResourcesBuildPhase section */

/* Begin PBXSourcesBuildPhase section */
		E2D9BBE12CF5581B009C2761 /* Sources */ = {
			isa = PBXSourcesBuildPhase;
			buildActionMask = 2147483647;
			files = (
				E29C22532CF5A102004A5BA1 /* CityDetailView.swift in Sources */,
				E29C22462CF5A0A3004A5BA1 /* WeatherService.swift in Sources */,
				E2D9BBEB2CF5581B009C2761 /* ContentView.swift in Sources */,
				E29C22562CF5A127004A5BA1 /* ColorUtils.swift in Sources */,
				E2D9BBE92CF5581B009C2761 /* Weather_App_Final_ProjectApp.swift in Sources */,
				E29C224F2CF5A0E1004A5BA1 /* SettingsView.swift in Sources */,
				E29C22512CF5A0EB004A5BA1 /* AboutView.swift in Sources */,
				E29C22582CF5A134004A5BA1 /* Constants.swift in Sources */,
				E29C224B2CF5A0CB004A5BA1 /* CityListView.swift in Sources */,
				E29C224D2CF5A0D7004A5BA1 /* SearchView.swift in Sources */,
				E29C22432CF5A074004A5BA1 /* WeatherData.swift in Sources */,
				E29C22482CF5A0B1004A5BA1 /* CityService.swift in Sources */,
				E29C22412CF5A05F004A5BA1 /* City.swift in Sources */,
			);
			runOnlyForDeploymentPostprocessing = 0;
		};
/* End PBXSourcesBuildPhase section */

/* Begin XCBuildConfiguration section */
		E2D9BBF12CF5581D009C2761 /* Debug */ = {
			isa = XCBuildConfiguration;
			buildSettings = {
				ALWAYS_SEARCH_USER_PATHS = NO;
				ASSETCATALOG_COMPILER_GENERATE_SWIFT_ASSET_SYMBOL_EXTENSIONS = YES;
				CLANG_ANALYZER_NONNULL = YES;
				CLANG_ANALYZER_NUMBER_OBJECT_CONVERSION = YES_AGGRESSIVE;
				CLANG_CXX_LANGUAGE_STANDARD = "gnu++20";
				CLANG_ENABLE_MODULES = YES;
				CLANG_ENABLE_OBJC_ARC = YES;
				CLANG_ENABLE_OBJC_WEAK = YES;
				CLANG_WARN_BLOCK_CAPTURE_AUTORELEASING = YES;
				CLANG_WARN_BOOL_CONVERSION = YES;
				CLANG_WARN_COMMA = YES;
				CLANG_WARN_CONSTANT_CONVERSION = YES;
				CLANG_WARN_DEPRECATED_OBJC_IMPLEMENTATIONS = YES;
				CLANG_WARN_DIRECT_OBJC_ISA_USAGE = YES_ERROR;
				CLANG_WARN_DOCUMENTATION_COMMENTS = YES;
				CLANG_WARN_EMPTY_BODY = YES;
				CLANG_WARN_ENUM_CONVERSION = YES;
				CLANG_WARN_INFINITE_RECURSION = YES;
				CLANG_WARN_INT_CONVERSION = YES;
				CLANG_WARN_NON_LITERAL_NULL_CONVERSION = YES;
				CLANG_WARN_OBJC_IMPLICIT_RETAIN_SELF = YES;
				CLANG_WARN_OBJC_LITERAL_CONVERSION = YES;
				CLANG_WARN_OBJC_ROOT_CLASS = YES_ERROR;
				CLANG_WARN_QUOTED_INCLUDE_IN_FRAMEWORK_HEADER = YES;
				CLANG_WARN_RANGE_LOOP_ANALYSIS = YES;
				CLANG_WARN_STRICT_PROTOTYPES = YES;
				CLANG_WARN_SUSPICIOUS_MOVE = YES;
				CLANG_WARN_UNGUARDED_AVAILABILITY = YES_AGGRESSIVE;
				CLANG_WARN_UNREACHABLE_CODE = YES;
				CLANG_WARN__DUPLICATE_METHOD_MATCH = YES;
				COPY_PHASE_STRIP = NO;
				DEBUG_INFORMATION_FORMAT = dwarf;
				ENABLE_STRICT_OBJC_MSGSEND = YES;
				ENABLE_TESTABILITY = YES;
				ENABLE_USER_SCRIPT_SANDBOXING = YES;
				GCC_C_LANGUAGE_STANDARD = gnu17;
				GCC_DYNAMIC_NO_PIC = NO;
				GCC_NO_COMMON_BLOCKS = YES;
				GCC_OPTIMIZATION_LEVEL = 0;
				GCC_PREPROCESSOR_DEFINITIONS = (
					"DEBUG=1",
					"$(inherited)",
				);
				GCC_WARN_64_TO_32_BIT_CONVERSION = YES;
				GCC_WARN_ABOUT_RETURN_TYPE = YES_ERROR;
				GCC_WARN_UNDECLARED_SELECTOR = YES;
				GCC_WARN_UNINITIALIZED_AUTOS = YES_AGGRESSIVE;
				GCC_WARN_UNUSED_FUNCTION = YES;
				GCC_WARN_UNUSED_VARIABLE = YES;
				IPHONEOS_DEPLOYMENT_TARGET = 17.5;
				LOCALIZATION_PREFERS_STRING_CATALOGS = YES;
				MTL_ENABLE_DEBUG_INFO = INCLUDE_SOURCE;
				MTL_FAST_MATH = YES;
				ONLY_ACTIVE_ARCH = YES;
				SDKROOT = iphoneos;
				SWIFT_ACTIVE_COMPILATION_CONDITIONS = "DEBUG $(inherited)";
				SWIFT_OPTIMIZATION_LEVEL = "-Onone";
			};
			name = Debug;
		};
		E2D9BBF22CF5581D009C2761 /* Release */ = {
			isa = XCBuildConfiguration;
			buildSettings = {
				ALWAYS_SEARCH_USER_PATHS = NO;
				ASSETCATALOG_COMPILER_GENERATE_SWIFT_ASSET_SYMBOL_EXTENSIONS = YES;
				CLANG_ANALYZER_NONNULL = YES;
				CLANG_ANALYZER_NUMBER_OBJECT_CONVERSION = YES_AGGRESSIVE;
				CLANG_CXX_LANGUAGE_STANDARD = "gnu++20";
				CLANG_ENABLE_MODULES = YES;
				CLANG_ENABLE_OBJC_ARC = YES;
				CLANG_ENABLE_OBJC_WEAK = YES;
				CLANG_WARN_BLOCK_CAPTURE_AUTORELEASING = YES;
				CLANG_WARN_BOOL_CONVERSION = YES;
				CLANG_WARN_COMMA = YES;
				CLANG_WARN_CONSTANT_CONVERSION = YES;
				CLANG_WARN_DEPRECATED_OBJC_IMPLEMENTATIONS = YES;
				CLANG_WARN_DIRECT_OBJC_ISA_USAGE = YES_ERROR;
				CLANG_WARN_DOCUMENTATION_COMMENTS = YES;
				CLANG_WARN_EMPTY_BODY = YES;
				CLANG_WARN_ENUM_CONVERSION = YES;
				CLANG_WARN_INFINITE_RECURSION = YES;
				CLANG_WARN_INT_CONVERSION = YES;
				CLANG_WARN_NON_LITERAL_NULL_CONVERSION = YES;
				CLANG_WARN_OBJC_IMPLICIT_RETAIN_SELF = YES;
				CLANG_WARN_OBJC_LITERAL_CONVERSION = YES;
				CLANG_WARN_OBJC_ROOT_CLASS = YES_ERROR;
				CLANG_WARN_QUOTED_INCLUDE_IN_FRAMEWORK_HEADER = YES;
				CLANG_WARN_RANGE_LOOP_ANALYSIS = YES;
				CLANG_WARN_STRICT_PROTOTYPES = YES;
				CLANG_WARN_SUSPICIOUS_MOVE = YES;
				CLANG_WARN_UNGUARDED_AVAILABILITY = YES_AGGRESSIVE;
				CLANG_WARN_UNREACHABLE_CODE = YES;
				CLANG_WARN__DUPLICATE_METHOD_MATCH = YES;
				COPY_PHASE_STRIP = NO;
				DEBUG_INFORMATION_FORMAT = "dwarf-with-dsym";
				ENABLE_NS_ASSERTIONS = NO;
				ENABLE_STRICT_OBJC_MSGSEND = YES;
				ENABLE_USER_SCRIPT_SANDBOXING = YES;
				GCC_C_LANGUAGE_STANDARD = gnu17;
				GCC_NO_COMMON_BLOCKS = YES;
				GCC_WARN_64_TO_32_BIT_CONVERSION = YES;
				GCC_WARN_ABOUT_RETURN_TYPE = YES_ERROR;
				GCC_WARN_UNDECLARED_SELECTOR = YES;
				GCC_WARN_UNINITIALIZED_AUTOS = YES_AGGRESSIVE;
				GCC_WARN_UNUSED_FUNCTION = YES;
				GCC_WARN_UNUSED_VARIABLE = YES;
				IPHONEOS_DEPLOYMENT_TARGET = 17.5;
				LOCALIZATION_PREFERS_STRING_CATALOGS = YES;
				MTL_ENABLE_DEBUG_INFO = NO;
				MTL_FAST_MATH = YES;
				SDKROOT = iphoneos;
				SWIFT_COMPILATION_MODE = wholemodule;
				VALIDATE_PRODUCT = YES;
			};
			name = Release;
		};
		E2D9BBF42CF5581D009C2761 /* Debug */ = {
			isa = XCBuildConfiguration;
			buildSettings = {
				ASSETCATALOG_COMPILER_APPICON_NAME = AppIcon;
				ASSETCATALOG_COMPILER_GLOBAL_ACCENT_COLOR_NAME = AccentColor;
				CODE_SIGN_STYLE = Automatic;
				CURRENT_PROJECT_VERSION = 1;
				DEVELOPMENT_ASSET_PATHS = "\"Weather App Final Project/Preview Content\"";
				DEVELOPMENT_TEAM = TE487R478V;
				ENABLE_PREVIEWS = YES;
				GENERATE_INFOPLIST_FILE = YES;
				INFOPLIST_KEY_UIApplicationSceneManifest_Generation = YES;
				INFOPLIST_KEY_UIApplicationSupportsIndirectInputEvents = YES;
				INFOPLIST_KEY_UILaunchScreen_Generation = YES;
				INFOPLIST_KEY_UISupportedInterfaceOrientations_iPad = "UIInterfaceOrientationPortrait UIInterfaceOrientationPortraitUpsideDown UIInterfaceOrientationLandscapeLeft UIInterfaceOrientationLandscapeRight";
				INFOPLIST_KEY_UISupportedInterfaceOrientations_iPhone = "UIInterfaceOrientationPortrait UIInterfaceOrientationLandscapeLeft UIInterfaceOrientationLandscapeRight";
				LD_RUNPATH_SEARCH_PATHS = (
					"$(inherited)",
					"@executable_path/Frameworks",
				);
				MARKETING_VERSION = 1.0;
				PRODUCT_BUNDLE_IDENTIFIER = "com.sample.Weather-App-Final-Project";
				PRODUCT_NAME = "$(TARGET_NAME)";
				SWIFT_EMIT_LOC_STRINGS = YES;
				SWIFT_VERSION = 5.0;
				TARGETED_DEVICE_FAMILY = "1,2";
			};
			name = Debug;
		};
		E2D9BBF52CF5581D009C2761 /* Release */ = {
			isa = XCBuildConfiguration;
			buildSettings = {
				ASSETCATALOG_COMPILER_APPICON_NAME = AppIcon;
				ASSETCATALOG_COMPILER_GLOBAL_ACCENT_COLOR_NAME = AccentColor;
				CODE_SIGN_STYLE = Automatic;
				CURRENT_PROJECT_VERSION = 1;
				DEVELOPMENT_ASSET_PATHS = "\"Weather App Final Project/Preview Content\"";
				DEVELOPMENT_TEAM = TE487R478V;
				ENABLE_PREVIEWS = YES;
				GENERATE_INFOPLIST_FILE = YES;
				INFOPLIST_KEY_UIApplicationSceneManifest_Generation = YES;
				INFOPLIST_KEY_UIApplicationSupportsIndirectInputEvents = YES;
				INFOPLIST_KEY_UILaunchScreen_Generation = YES;
				INFOPLIST_KEY_UISupportedInterfaceOrientations_iPad = "UIInterfaceOrientationPortrait UIInterfaceOrientationPortraitUpsideDown UIInterfaceOrientationLandscapeLeft UIInterfaceOrientationLandscapeRight";
				INFOPLIST_KEY_UISupportedInterfaceOrientations_iPhone = "UIInterfaceOrientationPortrait UIInterfaceOrientationLandscapeLeft UIInterfaceOrientationLandscapeRight";
				LD_RUNPATH_SEARCH_PATHS = (
					"$(inherited)",
					"@executable_path/Frameworks",
				);
				MARKETING_VERSION = 1.0;
				PRODUCT_BUNDLE_IDENTIFIER = "com.sample.Weather-App-Final-Project";
				PRODUCT_NAME = "$(TARGET_NAME)";
				SWIFT_EMIT_LOC_STRINGS = YES;
				SWIFT_VERSION = 5.0;
				TARGETED_DEVICE_FAMILY = "1,2";
			};
			name = Release;
		};
/* End XCBuildConfiguration section */

/* Begin XCConfigurationList section */
		E2D9BBE02CF5581B009C2761 /* Build configuration list for PBXProject "Weather App Final Project" */ = {
			isa = XCConfigurationList;
			buildConfigurations = (
				E2D9BBF12CF5581D009C2761 /* Debug */,
				E2D9BBF22CF5581D009C2761 /* Release */,
			);
			defaultConfigurationIsVisible = 0;
			defaultConfigurationName = Release;
		};
		E2D9BBF32CF5581D009C2761 /* Build configuration list for PBXNativeTarget "Weather App Final Project" */ = {
			isa = XCConfigurationList;
			buildConfigurations = (
				E2D9BBF42CF5581D009C2761 /* Debug */,
				E2D9BBF52CF5581D009C2761 /* Release */,
			);
			defaultConfigurationIsVisible = 0;
			defaultConfigurationName = Release;
		};
/* End XCConfigurationList section */
	};
	rootObject = E2D9BBDD2CF5581B009C2761 /* Project object */;
}
